
Microsoft Visual Studio Solution File, Format Version 12.00
# Visual Studio Version 17
VisualStudioVersion = 17.10.34928.147
MinimumVisualStudioVersion = 10.0.40219.1
Project("{FAE04EC0-301F-11D3-BF4B-00C04F79EFBC}") = "questionB", "questionB\questionB.csproj", "{7045047D-569A-454A-A539-3E245BB58268}"
EndProject
Global
	GlobalSection(SolutionConfigurationPlatforms) = preSolution
		Debug|Any CPU = Debug|Any CPU
		Release|Any CPU = Release|Any CPU
	EndGlobalSection
	GlobalSection(ProjectConfigurationPlatforms) = postSolution
		{7045047D-569A-454A-A539-3E245BB58268}.Debug|Any CPU.ActiveCfg = Debug|Any CPU
		{7045047D-569A-454A-A539-3E245BB58268}.Debug|Any CPU.Build.0 = Debug|Any CPU
		{7045047D-569A-454A-A539-3E245BB58268}.Release|Any CPU.ActiveCfg = Release|Any CPU
		{7045047D-569A-454A-A539-3E245BB58268}.Release|Any CPU.Build.0 = Release|Any CPU
	EndGlobalSection
	GlobalSection(SolutionProperties) = preSolution
		HideSolutionNode = FALSE
	EndGlobalSection
	GlobalSection(ExtensibilityGlobals) = postSolution
		SolutionGuid = {C7049D8D-EBFD-4147-AD4B-CB630A350BBA}
	EndGlobalSection
EndGlobal
